
Microsoft Visual Studio Solution File, Format Version 12.00
# Visual Studio Version 16
VisualStudioVersion = 16.0.31005.135
MinimumVisualStudioVersion = 10.0.40219.1
Project("{FAE04EC0-301F-11D3-BF4B-00C04F79EFBC}") = "IOT 3 Assignment3", "IOT 3 Assignment3.csproj", "{09B13CA6-3A1F-4BCC-8803-0487D7CB2EF7}"
EndProject
Global
	GlobalSection(SolutionConfigurationPlatforms) = preSolution
		Debug|Any CPU = Debug|Any CPU
		Release|Any CPU = Release|Any CPU
	EndGlobalSection
	GlobalSection(ProjectConfigurationPlatforms) = postSolution
		{09B13CA6-3A1F-4BCC-8803-0487D7CB2EF7}.Debug|Any CPU.ActiveCfg = Debug|Any CPU
		{09B13CA6-3A1F-4BCC-8803-0487D7CB2EF7}.Debug|Any CPU.Build.0 = Debug|Any CPU
		{09B13CA6-3A1F-4BCC-8803-0487D7CB2EF7}.Release|Any CPU.ActiveCfg = Release|Any CPU
		{09B13CA6-3A1F-4BCC-8803-0487D7CB2EF7}.Release|Any CPU.Build.0 = Release|Any CPU
	EndGlobalSection
	GlobalSection(SolutionProperties) = preSolution
		HideSolutionNode = FALSE
	EndGlobalSection
	GlobalSection(ExtensibilityGlobals) = postSolution
		SolutionGuid = {6A7C9966-796D-4F5B-8FA3-56F597D25779}
	EndGlobalSection
EndGlobal
